{
  "lockfileVersion": 1,
  "workspaces": {
    "": {
      "dependencies": {
        "leaflet": "^1.9.4",
        "react-leaflet": "^5.0.0",
      },
    },
  },
  "packages": {
    "@react-leaflet/core": ["@react-leaflet/core@3.0.0", "", { "peerDependencies": { "leaflet": "^1.9.0", "react": "^19.0.0", "react-dom": "^19.0.0" } }, "sha512-3EWmekh4Nz+pGcr+xjf0KNyYfC3U2JjnkWsh0zcqaexYqmmB5ZhH37kz41JXGmKzpaMZCnPofBBm64i+YrEvGQ=="],

    "leaflet": ["leaflet@1.9.4", "", {}, "sha512-nxS1ynzJOmOlHp+iL3FyWqK89GtNL8U8rvlMOsQdTTssxZwCXh8N2NB3GDQOL+YR3XnWyZAxwQixURb+FA74PA=="],

    "react": ["react@19.0.0", "", {}, "sha512-V8AVnmPIICiWpGfm6GLzCR/W5FXLchHop40W4nXBmdlEceh16rCN8O8LNWm5bh5XUX91fh7KpA+W0TgMKmgTpQ=="],

    "react-dom": ["react-dom@19.0.0", "", { "dependencies": { "scheduler": "^0.25.0" }, "peerDependencies": { "react": "^19.0.0" } }, "sha512-4GV5sHFG0e/0AD4X+ySy6UJd3jVl1iNsNHdpad0qhABJ11twS3TTBnseqsKurKcsNqCEFeGL3uLpVChpIO3QfQ=="],

    "react-leaflet": ["react-leaflet@5.0.0", "", { "dependencies": { "@react-leaflet/core": "^3.0.0" }, "peerDependencies": { "leaflet": "^1.9.0", "react": "^19.0.0", "react-dom": "^19.0.0" } }, "sha512-CWbTpr5vcHw5bt9i4zSlPEVQdTVcML390TjeDG0cK59z1ylexpqC6M1PJFjV8jD7CF+ACBFsLIDs6DRMoLEofw=="],

    "scheduler": ["scheduler@0.25.0", "", {}, "sha512-xFVuu11jh+xcO7JOAGJNOXld8/TcEHK/4CituBUeUb5hqxJLj9YuemAEuvm9gQ/+pgXYfbQuqAkiYu+u7YEsNA=="],
  }
}
